{
  "requires": true,
  "lockfileVersion": 1,
  "dependencies": {
    "pagination-apis": {
      "version": "1.0.8",
      "resolved": "https://registry.npmjs.org/pagination-apis/-/pagination-apis-1.0.8.tgz",
      "integrity": "sha512-5h3lPk6HfnzZlggILLDAza+6wkYrRAddt57J2cEw+qC5z4Z2IMjFwBMDoDVjpDBt4d7bFIJDK2iPTR6gbO2FhQ=="
    }
  }
}
